
Microsoft Visual Studio Solution File, Format Version 12.00
Project("{FAE04EC0-301F-11D3-BF4B-00C04F79EFBC}") = "Correo", "Correo\Correo.csproj", "{D3CA16E9-6FDB-48F4-A129-781C9D40A16E}"
EndProject
Global
	GlobalSection(SolutionConfigurationPlatforms) = preSolution
		Debug|Any CPU = Debug|Any CPU
		Release|Any CPU = Release|Any CPU
	EndGlobalSection
	GlobalSection(ProjectConfigurationPlatforms) = postSolution
		{D3CA16E9-6FDB-48F4-A129-781C9D40A16E}.Debug|Any CPU.ActiveCfg = Debug|Any CPU
		{D3CA16E9-6FDB-48F4-A129-781C9D40A16E}.Debug|Any CPU.Build.0 = Debug|Any CPU
		{D3CA16E9-6FDB-48F4-A129-781C9D40A16E}.Release|Any CPU.ActiveCfg = Release|Any CPU
		{D3CA16E9-6FDB-48F4-A129-781C9D40A16E}.Release|Any CPU.Build.0 = Release|Any CPU
	EndGlobalSection
EndGlobal
